<?xml version="1.0" encoding="UTF-8" standalone="yes" ?>
<CodeBlocks_project_file>
	<FileVersion major="1" minor="6" />
	<Project>
		<Option title="asm2bin" />
		<Option pch_mode="0" />
		<Option compiler="gcc" />
		<Build>
			<Target title="Debug">
				<Option output="../../../../bin/asm2binx.exe" prefix_auto="0" extension_auto="0" />
				<Option object_output="../temp" />
				<Option type="1" />
				<Option compiler="gcc" />
				<Option use_console_runner="0" />
				<Option parameters="D:\ALEX\ELENA\src26\asm\x32\commandst.asm" />
				<Compiler>
					<Add option="-g" />
				</Compiler>
			</Target>
			<Target title="Release">
				<Option output="../../../../bin/asm2binx.exe" prefix_auto="0" extension_auto="0" />
				<Option object_output="../temp" />
				<Option type="1" />
				<Option compiler="gcc" />
				<Option use_console_runner="0" />
				<Compiler>
					<Add option="-O3" />
					<Add option="-O2" />
				</Compiler>
				<Linker>
					<Add option="-s" />
					<Add option="-static-libgcc" />
				</Linker>
			</Target>
		</Build>
		<Compiler>
			<Add option="-march=pentium2" />
			<Add option="-Wno-conversion-null" />
			<Add option="-D_UNICODE" />
			<Add option="-DUNICODE" />
			<Add option="-D_WIN32" />
			<Add directory=".." />
			<Add directory="../../../common" />
			<Add directory="../../../common/win32" />
			<Add directory="../../../engine" />
			<Add directory="../../../elc" />
		</Compiler>
		<Linker>
			<Add option="-static-libgcc -static-libstdc++" />
		</Linker>
		<Unit filename="../../../common/altstrings.cpp" />
		<Unit filename="../../../common/altstrings.h">
			<Option compile="1" />
			<Option link="1" />
			<Option target="&lt;{~None~}&gt;" />
		</Unit>
		<Unit filename="../../../common/common.h">
			<Option compile="1" />
			<Option link="1" />
			<Option target="&lt;{~None~}&gt;" />
		</Unit>
		<Unit filename="../../../common/dump.cpp" />
		<Unit filename="../../../common/dump.h">
			<Option target="&lt;{~None~}&gt;" />
		</Unit>
		<Unit filename="../../../common/files.cpp" />
		<Unit filename="../../../common/files.h">
			<Option compile="1" />
			<Option link="1" />
			<Option target="&lt;{~None~}&gt;" />
		</Unit>
		<Unit filename="../../../common/lists.h">
			<Option compile="1" />
			<Option link="1" />
			<Option target="&lt;{~None~}&gt;" />
		</Unit>
		<Unit filename="../../../common/streams.h">
			<Option compile="1" />
			<Option link="1" />
			<Option target="&lt;{~None~}&gt;" />
		</Unit>
		<Unit filename="../../../common/tools.h">
			<Option compile="1" />
			<Option link="1" />
			<Option target="&lt;{~None~}&gt;" />
		</Unit>
		<Unit filename="../../../elc/source.cpp" />
		<Unit filename="../../../elc/source.h">
			<Option compile="1" />
			<Option link="1" />
			<Option target="&lt;{~None~}&gt;" />
		</Unit>
		<Unit filename="../../../engine/bytecode.cpp" />
		<Unit filename="../../../engine/bytecode.h" />
		<Unit filename="../../../engine/elena.h">
			<Option target="&lt;{~None~}&gt;" />
		</Unit>
		<Unit filename="../../../engine/elenaconst.h">
			<Option target="&lt;{~None~}&gt;" />
		</Unit>
		<Unit filename="../../../engine/module.cpp" />
		<Unit filename="../../../engine/module.h">
			<Option target="&lt;{~None~}&gt;" />
		</Unit>
		<Unit filename="../../../engine/section.cpp" />
		<Unit filename="../../../engine/section.h">
			<Option target="&lt;{~None~}&gt;" />
		</Unit>
		<Unit filename="../../../engine/textparser.h" />
		<Unit filename="../../../engine/x86helper.cpp" />
		<Unit filename="../../../engine/x86helper.h">
			<Option target="&lt;{~None~}&gt;" />
		</Unit>
		<Unit filename="../asm2binx.cpp" />
		<Unit filename="../assembler.h">
			<Option compile="1" />
			<Option link="1" />
			<Option target="&lt;{~None~}&gt;" />
		</Unit>
		<Unit filename="../ecassembler.cpp" />
		<Unit filename="../ecassembler.h" />
		<Unit filename="../x86assembler.cpp" />
		<Unit filename="../x86assembler.h">
			<Option compile="1" />
			<Option link="1" />
			<Option target="&lt;{~None~}&gt;" />
		</Unit>
		<Unit filename="../x86jumphelper.cpp" />
		<Unit filename="../x86jumphelper.h">
			<Option compile="1" />
			<Option link="1" />
			<Option target="&lt;{~None~}&gt;" />
		</Unit>
		<Extensions>
			<code_completion />
			<debugger />
			<envvars />
		</Extensions>
	</Project>
</CodeBlocks_project_file>
