<?xml version="1.0" encoding="UTF-8" standalone="yes" ?>
<CodeBlocks_project_file>
	<FileVersion major="1" minor="6" />
	<Project>
		<Option title="elc" />
		<Option pch_mode="0" />
		<Option compiler="gcc" />
		<Build>
			<Target title="Debug">
				<Option output="../../../bin/elc.exe" prefix_auto="0" extension_auto="0" />
				<Option object_output="../temp" />
				<Option type="1" />
				<Option compiler="gcc" />
				<Option use_console_runner="0" />
				<Option parameters="-cD:\ALEX\ELENA\examples\helloworld\u_helloworld.prj" />
				<Compiler>
					<Add option="-g" />
				</Compiler>
			</Target>
			<Target title="Release">
				<Option output="../../../bin/elc.exe" prefix_auto="0" extension_auto="0" />
				<Option object_output="../temp" />
				<Option type="1" />
				<Option compiler="gcc" />
				<Option use_console_runner="0" />
				<Compiler>
					<Add option="-O2" />
					<Add option="-Wno-conversion-null" />
				</Compiler>
				<Linker>
					<Add option="-s" />
					<Add option="-static-libgcc" />
				</Linker>
			</Target>
		</Build>
		<Compiler>
			<Add option="-march=pentium2" />
			<Add option="-D_WIN32" />
			<Add option="-D_UNICODE" />
			<Add option="-DUNICODE" />
			<Add directory="../../common" />
			<Add directory="../../engine" />
			<Add directory=".." />
			<Add directory="../win32" />
		</Compiler>
		<Linker>
			<Add option="-static-libgcc -static-libstdc++" />
		</Linker>
		<Unit filename="../../common/altstrings.cpp" />
		<Unit filename="../../common/altstrings.h" />
		<Unit filename="../../common/common.h" />
		<Unit filename="../../common/config.cpp" />
		<Unit filename="../../common/config.h" />
		<Unit filename="../../common/dump.cpp" />
		<Unit filename="../../common/dump.h" />
		<Unit filename="../../common/files.cpp" />
		<Unit filename="../../common/files.h" />
		<Unit filename="../../common/lists.h" />
		<Unit filename="../../common/streams.h" />
		<Unit filename="../../common/tools.h" />
		<Unit filename="../../engine/bytecode.cpp" />
		<Unit filename="../../engine/bytecode.h" />
		<Unit filename="../../engine/elena.h" />
		<Unit filename="../../engine/elenaconst.h" />
		<Unit filename="../../engine/jitcompiler.cpp" />
		<Unit filename="../../engine/jitcompiler.h" />
		<Unit filename="../../engine/jitlinker.cpp" />
		<Unit filename="../../engine/jitlinker.h" />
		<Unit filename="../../engine/libman.cpp" />
		<Unit filename="../../engine/libman.h" />
		<Unit filename="../../engine/loader.cpp" />
		<Unit filename="../../engine/loader.h" />
		<Unit filename="../../engine/module.cpp" />
		<Unit filename="../../engine/module.h" />
		<Unit filename="../../engine/parsertable.cpp" />
		<Unit filename="../../engine/parsertable.h" />
		<Unit filename="../../engine/section.cpp" />
		<Unit filename="../../engine/section.h" />
		<Unit filename="../../engine/textparser.h" />
		<Unit filename="../../engine/x86helper.cpp" />
		<Unit filename="../../engine/x86helper.h" />
		<Unit filename="../../engine/x86jitcompiler.cpp" />
		<Unit filename="../../engine/x86jitcompiler.h" />
		<Unit filename="../bcwriter.cpp" />
		<Unit filename="../bcwriter.h" />
		<Unit filename="../compiler.cpp" />
		<Unit filename="../compiler.h" />
		<Unit filename="../derivation.cpp" />
		<Unit filename="../derivation.h" />
		<Unit filename="../elc.h" />
		<Unit filename="../errors.h" />
		<Unit filename="../image.cpp" />
		<Unit filename="../image.h" />
		<Unit filename="../parser.cpp" />
		<Unit filename="../parser.h" />
		<Unit filename="../project.cpp" />
		<Unit filename="../project.h" />
		<Unit filename="../source.cpp" />
		<Unit filename="../source.h" />
		<Unit filename="../syntax.h" />
		<Unit filename="../win32/elc.cpp" />
		<Unit filename="../win32/linker.cpp" />
		<Unit filename="../win32/linker.h" />
		<Extensions>
			<code_completion />
			<debugger />
			<DoxyBlocks>
				<comment_style block="0" line="0" />
				<doxyfile_project />
				<doxyfile_build />
				<doxyfile_warnings />
				<doxyfile_output />
				<doxyfile_dot />
				<general />
			</DoxyBlocks>
			<envvars />
		</Extensions>
	</Project>
</CodeBlocks_project_file>
