<?xml version="1.0" encoding="UTF-8" standalone="yes" ?>
<CodeBlocks_project_file>
	<FileVersion major="1" minor="6" />
	<Project>
		<Option title="elide-gtk" />
		<Option pch_mode="2" />
		<Option compiler="gcc" />
		<Build>
			<Target title="Debug">
				<Option output="../../../bin/elide-gtk" prefix_auto="1" extension_auto="1" />
				<Option object_output="../temp/" />
				<Option type="0" />
				<Option compiler="gcc" />
				<Compiler>
					<Add option="-g" />
				</Compiler>
			</Target>
			<Target title="Release">
				<Option output="../../../bin/elide-gtk" prefix_auto="1" extension_auto="1" />
				<Option object_output="../temp" />
				<Option type="0" />
				<Option compiler="gcc" />
				<Compiler>
					<Add option="-O2" />
				</Compiler>
				<Linker>
					<Add option="-s" />
				</Linker>
			</Target>
		</Build>
		<Compiler>
			<Add option="-Wall" />
			<Add option="`pkg-config gtkmm-3.0 --cflags`" />
			<Add option="-Wno-reorder" />
			<Add option="-D_LINUX32" />
			<Add option="-D_UTF8" />
			<Add directory="../../common" />
			<Add directory="../../gui" />
			<Add directory="../../engine" />
		</Compiler>
		<Linker>
			<Add option="`pkg-config gtkmm-3.0 --libs`" />
		</Linker>
		<Unit filename="../../common/altstrings.cpp" />
		<Unit filename="../../common/altstrings.h">
			<Option target="Release" />
		</Unit>
		<Unit filename="../../common/common.h">
			<Option target="Release" />
		</Unit>
		<Unit filename="../../common/config.cpp" />
		<Unit filename="../../common/config.h">
			<Option target="Release" />
		</Unit>
		<Unit filename="../../common/dump.cpp" />
		<Unit filename="../../common/dump.h">
			<Option target="Release" />
		</Unit>
		<Unit filename="../../common/files.cpp" />
		<Unit filename="../../common/files.h">
			<Option target="Release" />
		</Unit>
		<Unit filename="../../common/lists.h">
			<Option target="Release" />
		</Unit>
		<Unit filename="../../common/streams.h">
			<Option target="Release" />
		</Unit>
		<Unit filename="../../common/tools.h">
			<Option target="Release" />
		</Unit>
		<Unit filename="../../engine/module.cpp" />
		<Unit filename="../../engine/module.h">
			<Option target="Release" />
		</Unit>
		<Unit filename="../../engine/rtman.cpp" />
		<Unit filename="../../engine/section.cpp" />
		<Unit filename="../../engine/section.h">
			<Option target="Release" />
		</Unit>
		<Unit filename="../../gui/document.cpp">
			<Option compilerVar="CC" />
		</Unit>
		<Unit filename="../../gui/document.h">
			<Option target="Release" />
		</Unit>
		<Unit filename="../../gui/gtk-linux32/gtkcommon.cpp">
			<Option compilerVar="CC" />
		</Unit>
		<Unit filename="../../gui/gtk-linux32/gtkcommon.h">
			<Option target="Release" />
		</Unit>
		<Unit filename="../../gui/gtk-linux32/gtkgraphic.cpp" />
		<Unit filename="../../gui/gtk-linux32/gtkgraphic.h">
			<Option target="Release" />
		</Unit>
		<Unit filename="../../gui/gtk-linux32/gtklistview.cpp">
			<Option target="Release" />
		</Unit>
		<Unit filename="../../gui/gtk-linux32/gtklistview.h">
			<Option target="Release" />
		</Unit>
		<Unit filename="../../gui/gtk-linux32/gtkmenu.cpp">
			<Option target="Release" />
		</Unit>
		<Unit filename="../../gui/gtk-linux32/gtkmenu.h">
			<Option target="Release" />
		</Unit>
		<Unit filename="../../gui/gtk-linux32/gtksdi.cpp">
			<Option compilerVar="CC" />
		</Unit>
		<Unit filename="../../gui/gtk-linux32/gtksdi.h">
			<Option target="Release" />
		</Unit>
		<Unit filename="../../gui/gtk-linux32/gtkstatusbar.cpp">
			<Option target="Release" />
		</Unit>
		<Unit filename="../../gui/gtk-linux32/gtkstatusbar.h">
			<Option target="Release" />
		</Unit>
		<Unit filename="../../gui/gtk-linux32/gtktabbar.cpp" />
		<Unit filename="../../gui/gtk-linux32/gtktabbar.h">
			<Option target="Release" />
		</Unit>
		<Unit filename="../../gui/gtk-linux32/gtktextview.cpp">
			<Option compilerVar="CC" />
		</Unit>
		<Unit filename="../../gui/gtk-linux32/gtktextview.h">
			<Option target="Release" />
		</Unit>
		<Unit filename="../../gui/gtk-linux32/gtktoolbar.cpp">
			<Option target="Release" />
		</Unit>
		<Unit filename="../../gui/gtk-linux32/gtktoolbar.h">
			<Option target="Release" />
		</Unit>
		<Unit filename="../../gui/gtk-linux32/gtktreeview.cpp">
			<Option target="Release" />
		</Unit>
		<Unit filename="../../gui/gtk-linux32/gtktreeview.h">
			<Option target="Release" />
		</Unit>
		<Unit filename="../../gui/gui.h">
			<Option target="Release" />
		</Unit>
		<Unit filename="../../gui/guicommon.h">
			<Option target="Release" />
		</Unit>
		<Unit filename="../../gui/text.cpp">
			<Option compilerVar="CC" />
		</Unit>
		<Unit filename="../../gui/text.h">
			<Option target="Release" />
		</Unit>
		<Unit filename="../appwindow.cpp" />
		<Unit filename="../appwindow.h">
			<Option target="Release" />
		</Unit>
		<Unit filename="../browser.cpp">
			<Option target="Release" />
		</Unit>
		<Unit filename="../browser.h">
			<Option target="Release" />
		</Unit>
		<Unit filename="../debugcontroller.cpp" />
		<Unit filename="../debugcontroller.h">
			<Option target="Release" />
		</Unit>
		<Unit filename="../editframe.cpp">
			<Option target="Release" />
		</Unit>
		<Unit filename="../editframe.h">
			<Option target="Release" />
		</Unit>
		<Unit filename="../eng/messages.h">
			<Option target="Release" />
		</Unit>
		<Unit filename="../gtk-linux32/debugger.cpp" />
		<Unit filename="../gtk-linux32/debugger.h">
			<Option target="Release" />
		</Unit>
		<Unit filename="../gtk-linux32/gtkdialogs.cpp" />
		<Unit filename="../gtk-linux32/gtkdialogs.h">
			<Option target="Release" />
		</Unit>
		<Unit filename="../gtk-linux32/gtkeditframe.cpp" />
		<Unit filename="../gtk-linux32/gtkeditframe.h">
			<Option target="Release" />
		</Unit>
		<Unit filename="../gtk-linux32/gtkide.cpp" />
		<Unit filename="../gtk-linux32/gtkide.h">
			<Option target="Release" />
		</Unit>
		<Unit filename="../gtk-linux32/gtkideconst.h">
			<Option target="Release" />
		</Unit>
		<Unit filename="../gtk-linux32/main.cpp">
			<Option compilerVar="CC" />
		</Unit>
		<Unit filename="../historylist.cpp">
			<Option target="Release" />
		</Unit>
		<Unit filename="../historylist.h">
			<Option target="Release" />
		</Unit>
		<Unit filename="../ide.h">
			<Option target="Release" />
		</Unit>
		<Unit filename="../idecommon.h">
			<Option target="Release" />
		</Unit>
		<Unit filename="../menulist.cpp">
			<Option target="Release" />
		</Unit>
		<Unit filename="../menulist.h">
			<Option target="Release" />
		</Unit>
		<Unit filename="../messagelog.cpp">
			<Option target="Release" />
		</Unit>
		<Unit filename="../messagelog.h">
			<Option target="Release" />
		</Unit>
		<Unit filename="../settings.cpp" />
		<Unit filename="../settings.h">
			<Option target="Release" />
		</Unit>
		<Unit filename="../sourcedoc.cpp" />
		<Unit filename="../sourcedoc.h">
			<Option target="Release" />
		</Unit>
		<Unit filename="../windowlist.cpp">
			<Option target="Release" />
		</Unit>
		<Unit filename="../windowlist.h">
			<Option target="Release" />
		</Unit>
		<Extensions>
			<code_completion />
			<debugger />
			<envvars />
		</Extensions>
	</Project>
</CodeBlocks_project_file>
