<?xml version="1.0" encoding="UTF-8" standalone="yes" ?>
<CodeBlocks_project_file>
	<FileVersion major="1" minor="6" />
	<Project>
		<Option title="elide-gtk" />
		<Option pch_mode="2" />
		<Option compiler="gcc" />
		<Build>
			<Target title="Debug">
				<Option output="../../../bin/elide-gtk" prefix_auto="1" extension_auto="1" />
				<Option object_output="../temp/" />
				<Option type="0" />
				<Option compiler="gcc" />
				<Compiler>
					<Add option="-g" />
				</Compiler>
			</Target>
			<Target title="Release">
				<Option output="../../../bin/elide-gtk" prefix_auto="1" extension_auto="1" />
				<Option object_output="../temp" />
				<Option type="0" />
				<Option compiler="gcc" />
				<Compiler>
					<Add option="-O2" />
				</Compiler>
				<Linker>
					<Add option="-s" />
				</Linker>
			</Target>
		</Build>
		<Compiler>
			<Add option="-Wall" />
			<Add option="-m32" />
			<Add option="`pkg-config gtkmm-3.0 --cflags`" />
			<Add option="-Wno-reorder" />
			<Add option="-D_LINUX32" />
			<Add option="-D_UTF8" />
			<Add directory="../../common" />
			<Add directory="../../gui" />
			<Add directory="../../engine" />
		</Compiler>
		<Linker>
			<Add option="-m32" />
			<Add option="`pkg-config gtkmm-3.0 --libs`" />
			<Add option="-lpthread" />
		</Linker>
		<Unit filename="../../common/altstrings.cpp" />
		<Unit filename="../../common/altstrings.h" />
		<Unit filename="../../common/common.h" />
		<Unit filename="../../common/config.cpp" />
		<Unit filename="../../common/config.h" />
		<Unit filename="../../common/dump.cpp" />
		<Unit filename="../../common/dump.h" />
		<Unit filename="../../common/files.cpp" />
		<Unit filename="../../common/files.h" />
		<Unit filename="../../common/lists.h" />
		<Unit filename="../../common/streams.h" />
		<Unit filename="../../common/tools.h" />
		<Unit filename="../../common/xmlreader.cpp" />
		<Unit filename="../../common/xmlreader.h" />
		<Unit filename="../../engine/linux32/elfhelper.cpp" />
		<Unit filename="../../engine/linux32/elfhelper.h" />
		<Unit filename="../../engine/module.cpp" />
		<Unit filename="../../engine/module.h" />
		<Unit filename="../../engine/rtman.cpp" />
		<Unit filename="../../engine/section.cpp" />
		<Unit filename="../../engine/section.h" />
		<Unit filename="../../gui/document.cpp" />
		<Unit filename="../../gui/document.h" />
		<Unit filename="../../gui/gtk-linux32/gtkcommon.cpp" />
		<Unit filename="../../gui/gtk-linux32/gtkcommon.h" />
		<Unit filename="../../gui/gtk-linux32/gtkgraphic.cpp" />
		<Unit filename="../../gui/gtk-linux32/gtkgraphic.h" />
		<Unit filename="../../gui/gtk-linux32/gtklistview.cpp" />
		<Unit filename="../../gui/gtk-linux32/gtklistview.h" />
		<Unit filename="../../gui/gtk-linux32/gtkmenu.cpp" />
		<Unit filename="../../gui/gtk-linux32/gtkmenu.h" />
		<Unit filename="../../gui/gtk-linux32/gtksdi.cpp" />
		<Unit filename="../../gui/gtk-linux32/gtksdi.h" />
		<Unit filename="../../gui/gtk-linux32/gtkstatusbar.cpp" />
		<Unit filename="../../gui/gtk-linux32/gtkstatusbar.h" />
		<Unit filename="../../gui/gtk-linux32/gtktabbar.cpp" />
		<Unit filename="../../gui/gtk-linux32/gtktabbar.h" />
		<Unit filename="../../gui/gtk-linux32/gtktextview.cpp" />
		<Unit filename="../../gui/gtk-linux32/gtktextview.h" />
		<Unit filename="../../gui/gtk-linux32/gtktoolbar.cpp" />
		<Unit filename="../../gui/gtk-linux32/gtktoolbar.h" />
		<Unit filename="../../gui/gtk-linux32/gtktreeview.cpp" />
		<Unit filename="../../gui/gtk-linux32/gtktreeview.h" />
		<Unit filename="../../gui/gui.h" />
		<Unit filename="../../gui/guicommon.h" />
		<Unit filename="../../gui/text.cpp" />
		<Unit filename="../../gui/text.h" />
		<Unit filename="../appwindow.cpp" />
		<Unit filename="../appwindow.h" />
		<Unit filename="../browser.cpp" />
		<Unit filename="../browser.h" />
		<Unit filename="../debugcontroller.cpp" />
		<Unit filename="../debugcontroller.h" />
		<Unit filename="../editframe.cpp" />
		<Unit filename="../editframe.h" />
		<Unit filename="../eng/messages.h" />
		<Unit filename="../gtk-linux32/debugger.cpp" />
		<Unit filename="../gtk-linux32/debugger.h" />
		<Unit filename="../gtk-linux32/gtkdialogs.cpp" />
		<Unit filename="../gtk-linux32/gtkdialogs.h" />
		<Unit filename="../gtk-linux32/gtkeditframe.cpp" />
		<Unit filename="../gtk-linux32/gtkeditframe.h" />
		<Unit filename="../gtk-linux32/gtkide.cpp" />
		<Unit filename="../gtk-linux32/gtkide.h" />
		<Unit filename="../gtk-linux32/gtkideconst.h" />
		<Unit filename="../gtk-linux32/main.cpp" />
		<Unit filename="../historylist.cpp" />
		<Unit filename="../historylist.h" />
		<Unit filename="../ide.h" />
		<Unit filename="../idecommon.h" />
		<Unit filename="../menulist.cpp" />
		<Unit filename="../menulist.h" />
		<Unit filename="../messagelog.cpp" />
		<Unit filename="../messagelog.h" />
		<Unit filename="../settings.cpp" />
		<Unit filename="../settings.h" />
		<Unit filename="../sourcedoc.cpp" />
		<Unit filename="../sourcedoc.h" />
		<Unit filename="../windowlist.cpp" />
		<Unit filename="../windowlist.h" />
		<Extensions>
			<code_completion />
			<debugger />
			<envvars set="default" />
		</Extensions>
	</Project>
</CodeBlocks_project_file>
