<?xml version="1.0" encoding="UTF-8" standalone="yes" ?>
<CodeBlocks_project_file>
	<FileVersion major="1" minor="6" />
	<Project>
		<Option title="elenavm" />
		<Option pch_mode="2" />
		<Option compiler="gcc" />
		<Build>
			<Target title="Debug32">
				<Option output="../../../bin/elenavm" prefix_auto="1" extension_auto="1" />
				<Option object_output="../temp/elenavm/" />
				<Option type="3" />
				<Option compiler="gcc" />
				<Option createDefFile="1" />
				<Option createStaticLib="1" />
				<Compiler>
					<Add option="-std=c++20" />
					<Add option="-m32" />
					<Add option="-g" />
				</Compiler>
				<Linker>
					<Add option="-m32" />
				</Linker>
			</Target>
			<Target title="Release32">
				<Option output="../../../bin/elenavm60" prefix_auto="1" extension_auto="1" />
				<Option object_output="../temp/release/elenavm60/" />
				<Option type="3" />
				<Option compiler="gcc" />
				<Option createDefFile="1" />
				<Option createStaticLib="1" />
				<Compiler>
					<Add option="-march=pentium3" />
					<Add option="-std=c++20" />
					<Add option="-m32" />
				</Compiler>
				<Linker>
					<Add option="-O3" />
					<Add option="-s" />
					<Add option="-m32" />
				</Linker>
			</Target>
			<Target title="Debug64">
				<Option output="../../../bin/elenavm60_64" prefix_auto="1" extension_auto="1" />
				<Option object_output="../temp/elenavm60_64/" />
				<Option type="3" />
				<Option compiler="gcc" />
				<Option createDefFile="1" />
				<Option createStaticLib="1" />
				<Compiler>
					<Add option="-std=c++20" />
					<Add option="-m64" />
					<Add option="-g" />
					<Add option="-fPIC" />
				</Compiler>
				<Linker>
					<Add option="-m64" />
				</Linker>
			</Target>
			<Target title="Release64">
				<Option output="../../../bin/elenavm60_64" prefix_auto="1" extension_auto="1" />
				<Option object_output="../temp/release/elenavm60_64/" />
				<Option type="3" />
				<Option compiler="gcc" />
				<Option createDefFile="1" />
				<Option createStaticLib="1" />
				<Compiler>
					<Add option="-m64" />
					<Add option="-fPIC" />
				</Compiler>
				<Linker>
					<Add option="-O3" />
					<Add option="-s" />
					<Add option="-m64" />
				</Linker>
			</Target>
		</Build>
		<Compiler>
			<Add option="-Wall" />
			<Add option="-fexceptions" />
			<Add directory=".." />
			<Add directory="../../engine" />
			<Add directory="../../common" />
		</Compiler>
		<Unit filename="../../engine/elenamachine.cpp" />
		<Unit filename="../../engine/elenamachine.h" />
		<Unit filename="../../engine/linux/lnxroutines.cpp" />
		<Unit filename="../elenavmmachine.cpp" />
		<Unit filename="../elenavmmachine.h" />
		<Unit filename="../linux/elenalnxvmachine.cpp" />
		<Unit filename="../linux/elenalnxvmachine.h" />
		<Unit filename="../linux/elenavm.h" />
		<Unit filename="../linux/lnxsection.cpp" />
		<Unit filename="../linux/lnxsection.h" />
		<Unit filename="../linux/main.cpp" />
		<Extensions />
	</Project>
</CodeBlocks_project_file>
