
Microsoft Visual Studio Solution File, Format Version 12.00
# Visual Studio Version 17
VisualStudioVersion = 17.3.32825.248
MinimumVisualStudioVersion = 10.0.40219.1
Project("{8BC9CEB8-8B4A-11D0-8D11-00A0C91BC942}") = "elc", "elc\vs\elc.vcxproj", "{85BBE576-02A3-414E-BF88-35280FAFADAD}"
EndProject
Project("{8BC9CEB8-8B4A-11D0-8D11-00A0C91BC942}") = "elide", "ide\vs\elide.vcxproj", "{33A539AC-DD92-4FA5-9981-31325E3A9030}"
EndProject
Project("{8BC9CEB8-8B4A-11D0-8D11-00A0C91BC942}") = "asmc", "tools\asmc\vs\asmc.vcxproj", "{75E4143A-5616-4EC1-963E-B693176887AC}"
EndProject
Project("{8BC9CEB8-8B4A-11D0-8D11-00A0C91BC942}") = "sg", "tools\sg\vs\sg.vcxproj", "{821B6B50-1061-4533-8320-B8919262EAD6}"
EndProject
Project("{8BC9CEB8-8B4A-11D0-8D11-00A0C91BC942}") = "elenart", "elenart\vs\elenart.vcxproj", "{D85B37B5-135E-44EC-85C7-B87F6B7B1071}"
EndProject
Project("{8BC9CEB8-8B4A-11D0-8D11-00A0C91BC942}") = "ecv", "tools\ecv\vs\ecv.vcxproj", "{E660D0B2-A8A6-4CEB-9A91-FF4564C6DAB5}"
EndProject
Project("{8BC9CEB8-8B4A-11D0-8D11-00A0C91BC942}") = "ldoc", "tools\ldoc\vs\ldoc.vcxproj", "{D1AED700-DF42-451A-B46C-3B1E077A279B}"
EndProject
Global
	GlobalSection(SolutionConfigurationPlatforms) = preSolution
		Debug|x64 = Debug|x64
		Debug|x86 = Debug|x86
		Release|x64 = Release|x64
		Release|x86 = Release|x86
	EndGlobalSection
	GlobalSection(ProjectConfigurationPlatforms) = postSolution
		{85BBE576-02A3-414E-BF88-35280FAFADAD}.Debug|x64.ActiveCfg = Debug|x64
		{85BBE576-02A3-414E-BF88-35280FAFADAD}.Debug|x64.Build.0 = Debug|x64
		{85BBE576-02A3-414E-BF88-35280FAFADAD}.Debug|x86.ActiveCfg = Debug|Win32
		{85BBE576-02A3-414E-BF88-35280FAFADAD}.Debug|x86.Build.0 = Debug|Win32
		{85BBE576-02A3-414E-BF88-35280FAFADAD}.Release|x64.ActiveCfg = Release|x64
		{85BBE576-02A3-414E-BF88-35280FAFADAD}.Release|x64.Build.0 = Release|x64
		{85BBE576-02A3-414E-BF88-35280FAFADAD}.Release|x86.ActiveCfg = Release|Win32
		{85BBE576-02A3-414E-BF88-35280FAFADAD}.Release|x86.Build.0 = Release|Win32
		{33A539AC-DD92-4FA5-9981-31325E3A9030}.Debug|x64.ActiveCfg = Debug|x64
		{33A539AC-DD92-4FA5-9981-31325E3A9030}.Debug|x64.Build.0 = Debug|x64
		{33A539AC-DD92-4FA5-9981-31325E3A9030}.Debug|x86.ActiveCfg = Debug|Win32
		{33A539AC-DD92-4FA5-9981-31325E3A9030}.Debug|x86.Build.0 = Debug|Win32
		{33A539AC-DD92-4FA5-9981-31325E3A9030}.Release|x64.ActiveCfg = Release|x64
		{33A539AC-DD92-4FA5-9981-31325E3A9030}.Release|x64.Build.0 = Release|x64
		{33A539AC-DD92-4FA5-9981-31325E3A9030}.Release|x86.ActiveCfg = Release|Win32
		{33A539AC-DD92-4FA5-9981-31325E3A9030}.Release|x86.Build.0 = Release|Win32
		{75E4143A-5616-4EC1-963E-B693176887AC}.Debug|x64.ActiveCfg = Debug|x64
		{75E4143A-5616-4EC1-963E-B693176887AC}.Debug|x64.Build.0 = Debug|x64
		{75E4143A-5616-4EC1-963E-B693176887AC}.Debug|x86.ActiveCfg = Debug|Win32
		{75E4143A-5616-4EC1-963E-B693176887AC}.Debug|x86.Build.0 = Debug|Win32
		{75E4143A-5616-4EC1-963E-B693176887AC}.Release|x64.ActiveCfg = Release|x64
		{75E4143A-5616-4EC1-963E-B693176887AC}.Release|x64.Build.0 = Release|x64
		{75E4143A-5616-4EC1-963E-B693176887AC}.Release|x86.ActiveCfg = Release|Win32
		{75E4143A-5616-4EC1-963E-B693176887AC}.Release|x86.Build.0 = Release|Win32
		{821B6B50-1061-4533-8320-B8919262EAD6}.Debug|x64.ActiveCfg = Debug|x64
		{821B6B50-1061-4533-8320-B8919262EAD6}.Debug|x64.Build.0 = Debug|x64
		{821B6B50-1061-4533-8320-B8919262EAD6}.Debug|x86.ActiveCfg = Debug|Win32
		{821B6B50-1061-4533-8320-B8919262EAD6}.Debug|x86.Build.0 = Debug|Win32
		{821B6B50-1061-4533-8320-B8919262EAD6}.Release|x64.ActiveCfg = Release|x64
		{821B6B50-1061-4533-8320-B8919262EAD6}.Release|x64.Build.0 = Release|x64
		{821B6B50-1061-4533-8320-B8919262EAD6}.Release|x86.ActiveCfg = Release|Win32
		{821B6B50-1061-4533-8320-B8919262EAD6}.Release|x86.Build.0 = Release|Win32
		{D85B37B5-135E-44EC-85C7-B87F6B7B1071}.Debug|x64.ActiveCfg = Debug|x64
		{D85B37B5-135E-44EC-85C7-B87F6B7B1071}.Debug|x64.Build.0 = Debug|x64
		{D85B37B5-135E-44EC-85C7-B87F6B7B1071}.Debug|x86.ActiveCfg = Debug|Win32
		{D85B37B5-135E-44EC-85C7-B87F6B7B1071}.Debug|x86.Build.0 = Debug|Win32
		{D85B37B5-135E-44EC-85C7-B87F6B7B1071}.Release|x64.ActiveCfg = Release|x64
		{D85B37B5-135E-44EC-85C7-B87F6B7B1071}.Release|x64.Build.0 = Release|x64
		{D85B37B5-135E-44EC-85C7-B87F6B7B1071}.Release|x86.ActiveCfg = Release|Win32
		{D85B37B5-135E-44EC-85C7-B87F6B7B1071}.Release|x86.Build.0 = Release|Win32
		{E660D0B2-A8A6-4CEB-9A91-FF4564C6DAB5}.Debug|x64.ActiveCfg = Debug|x64
		{E660D0B2-A8A6-4CEB-9A91-FF4564C6DAB5}.Debug|x64.Build.0 = Debug|x64
		{E660D0B2-A8A6-4CEB-9A91-FF4564C6DAB5}.Debug|x86.ActiveCfg = Debug|Win32
		{E660D0B2-A8A6-4CEB-9A91-FF4564C6DAB5}.Debug|x86.Build.0 = Debug|Win32
		{E660D0B2-A8A6-4CEB-9A91-FF4564C6DAB5}.Release|x64.ActiveCfg = Release|x64
		{E660D0B2-A8A6-4CEB-9A91-FF4564C6DAB5}.Release|x64.Build.0 = Release|x64
		{E660D0B2-A8A6-4CEB-9A91-FF4564C6DAB5}.Release|x86.ActiveCfg = Release|Win32
		{E660D0B2-A8A6-4CEB-9A91-FF4564C6DAB5}.Release|x86.Build.0 = Release|Win32
		{D1AED700-DF42-451A-B46C-3B1E077A279B}.Debug|x64.ActiveCfg = Debug|x64
		{D1AED700-DF42-451A-B46C-3B1E077A279B}.Debug|x64.Build.0 = Debug|x64
		{D1AED700-DF42-451A-B46C-3B1E077A279B}.Debug|x86.ActiveCfg = Debug|Win32
		{D1AED700-DF42-451A-B46C-3B1E077A279B}.Debug|x86.Build.0 = Debug|Win32
		{D1AED700-DF42-451A-B46C-3B1E077A279B}.Release|x64.ActiveCfg = Release|x64
		{D1AED700-DF42-451A-B46C-3B1E077A279B}.Release|x64.Build.0 = Release|x64
		{D1AED700-DF42-451A-B46C-3B1E077A279B}.Release|x86.ActiveCfg = Release|Win32
		{D1AED700-DF42-451A-B46C-3B1E077A279B}.Release|x86.Build.0 = Release|Win32
	EndGlobalSection
	GlobalSection(SolutionProperties) = preSolution
		HideSolutionNode = FALSE
	EndGlobalSection
	GlobalSection(ExtensibilityGlobals) = postSolution
		SolutionGuid = {DD36D5AF-9877-4659-B79F-8F2B34F71A10}
	EndGlobalSection
EndGlobal
