
Microsoft Visual Studio Solution File, Format Version 12.00
# Visual Studio 15
VisualStudioVersion = 15.0.26430.13
MinimumVisualStudioVersion = 10.0.40219.1
Project("{8BC9CEB8-8B4A-11D0-8D11-00A0C91BC942}") = "elc", "elc\vs\elc11.vcxproj", "{18637822-DE06-457E-86CD-5EB1A2C38776}"
EndProject
Project("{8BC9CEB8-8B4A-11D0-8D11-00A0C91BC942}") = "elenasm11", "elenasm\vs\elenasm11.vcxproj", "{895D3762-6397-468A-8984-779C1A9E5C0D}"
EndProject
Project("{8BC9CEB8-8B4A-11D0-8D11-00A0C91BC942}") = "elenart", "elenart\vs\elenart.vcxproj", "{191F5360-84B0-43D7-BA23-C9AA254A19B8}"
EndProject
Project("{8BC9CEB8-8B4A-11D0-8D11-00A0C91BC942}") = "elenavm11", "elenavm\vs\elenavm11.vcxproj", "{7D64C701-DDAA-467C-96BA-513438A1DE42}"
EndProject
Project("{8BC9CEB8-8B4A-11D0-8D11-00A0C91BC942}") = "elide", "ide\vs\elide11.vcxproj", "{B0C65195-DB0F-4965-BDFF-B0CB5C19C72D}"
EndProject
Project("{8BC9CEB8-8B4A-11D0-8D11-00A0C91BC942}") = "asm2binx", "tools\asm2bin\vs\asm2binx11.vcxproj", "{831A107C-C3C1-4090-87F4-60179ABA83D4}"
EndProject
Project("{8BC9CEB8-8B4A-11D0-8D11-00A0C91BC942}") = "ecv", "tools\ecv\vs\ecv11.vcxproj", "{A4214A73-6967-43D7-88F9-DF45826EB4E5}"
EndProject
Project("{8BC9CEB8-8B4A-11D0-8D11-00A0C91BC942}") = "elt11", "tools\elt\vs\elt11.vcxproj", "{6341FE03-441A-45F9-86B5-EEEFC2CE6DFE}"
EndProject
Project("{8BC9CEB8-8B4A-11D0-8D11-00A0C91BC942}") = "og", "tools\og\vs\og11.vcxproj", "{106C7025-E6C5-484F-A46A-56F09354039C}"
EndProject
Project("{8BC9CEB8-8B4A-11D0-8D11-00A0C91BC942}") = "sg", "tools\sg\vs\sg10.vcxproj", "{C827D32F-1A64-4C98-B959-9BBDF8F0B438}"
EndProject
Project("{8BC9CEB8-8B4A-11D0-8D11-00A0C91BC942}") = "elenagm15", "elenagm\vs\elenagm15.vcxproj", "{B806786A-BFCB-4251-A0DF-304DA62FBBBF}"
EndProject
Global
	GlobalSection(SolutionConfigurationPlatforms) = preSolution
		Debug|x86 = Debug|x86
		Release|x86 = Release|x86
	EndGlobalSection
	GlobalSection(ProjectConfigurationPlatforms) = postSolution
		{18637822-DE06-457E-86CD-5EB1A2C38776}.Debug|x86.ActiveCfg = Debug|Win32
		{18637822-DE06-457E-86CD-5EB1A2C38776}.Debug|x86.Build.0 = Debug|Win32
		{18637822-DE06-457E-86CD-5EB1A2C38776}.Release|x86.ActiveCfg = Release|Win32
		{18637822-DE06-457E-86CD-5EB1A2C38776}.Release|x86.Build.0 = Release|Win32
		{895D3762-6397-468A-8984-779C1A9E5C0D}.Debug|x86.ActiveCfg = Debug|Win32
		{895D3762-6397-468A-8984-779C1A9E5C0D}.Debug|x86.Build.0 = Debug|Win32
		{895D3762-6397-468A-8984-779C1A9E5C0D}.Release|x86.ActiveCfg = Release|Win32
		{895D3762-6397-468A-8984-779C1A9E5C0D}.Release|x86.Build.0 = Release|Win32
		{191F5360-84B0-43D7-BA23-C9AA254A19B8}.Debug|x86.ActiveCfg = Debug|Win32
		{191F5360-84B0-43D7-BA23-C9AA254A19B8}.Debug|x86.Build.0 = Debug|Win32
		{191F5360-84B0-43D7-BA23-C9AA254A19B8}.Release|x86.ActiveCfg = Release|Win32
		{191F5360-84B0-43D7-BA23-C9AA254A19B8}.Release|x86.Build.0 = Release|Win32
		{7D64C701-DDAA-467C-96BA-513438A1DE42}.Debug|x86.ActiveCfg = Debug|Win32
		{7D64C701-DDAA-467C-96BA-513438A1DE42}.Debug|x86.Build.0 = Debug|Win32
		{7D64C701-DDAA-467C-96BA-513438A1DE42}.Release|x86.ActiveCfg = Release|Win32
		{7D64C701-DDAA-467C-96BA-513438A1DE42}.Release|x86.Build.0 = Release|Win32
		{B0C65195-DB0F-4965-BDFF-B0CB5C19C72D}.Debug|x86.ActiveCfg = Debug|Win32
		{B0C65195-DB0F-4965-BDFF-B0CB5C19C72D}.Debug|x86.Build.0 = Debug|Win32
		{B0C65195-DB0F-4965-BDFF-B0CB5C19C72D}.Release|x86.ActiveCfg = Release|Win32
		{B0C65195-DB0F-4965-BDFF-B0CB5C19C72D}.Release|x86.Build.0 = Release|Win32
		{831A107C-C3C1-4090-87F4-60179ABA83D4}.Debug|x86.ActiveCfg = Debug|Win32
		{831A107C-C3C1-4090-87F4-60179ABA83D4}.Debug|x86.Build.0 = Debug|Win32
		{831A107C-C3C1-4090-87F4-60179ABA83D4}.Release|x86.ActiveCfg = Release|Win32
		{831A107C-C3C1-4090-87F4-60179ABA83D4}.Release|x86.Build.0 = Release|Win32
		{A4214A73-6967-43D7-88F9-DF45826EB4E5}.Debug|x86.ActiveCfg = Debug|Win32
		{A4214A73-6967-43D7-88F9-DF45826EB4E5}.Debug|x86.Build.0 = Debug|Win32
		{A4214A73-6967-43D7-88F9-DF45826EB4E5}.Release|x86.ActiveCfg = Release|Win32
		{A4214A73-6967-43D7-88F9-DF45826EB4E5}.Release|x86.Build.0 = Release|Win32
		{6341FE03-441A-45F9-86B5-EEEFC2CE6DFE}.Debug|x86.ActiveCfg = Debug|Win32
		{6341FE03-441A-45F9-86B5-EEEFC2CE6DFE}.Debug|x86.Build.0 = Debug|Win32
		{6341FE03-441A-45F9-86B5-EEEFC2CE6DFE}.Release|x86.ActiveCfg = Release|Win32
		{6341FE03-441A-45F9-86B5-EEEFC2CE6DFE}.Release|x86.Build.0 = Release|Win32
		{106C7025-E6C5-484F-A46A-56F09354039C}.Debug|x86.ActiveCfg = Debug|Win32
		{106C7025-E6C5-484F-A46A-56F09354039C}.Debug|x86.Build.0 = Debug|Win32
		{106C7025-E6C5-484F-A46A-56F09354039C}.Release|x86.ActiveCfg = Release|Win32
		{106C7025-E6C5-484F-A46A-56F09354039C}.Release|x86.Build.0 = Release|Win32
		{C827D32F-1A64-4C98-B959-9BBDF8F0B438}.Debug|x86.ActiveCfg = Debug|Win32
		{C827D32F-1A64-4C98-B959-9BBDF8F0B438}.Debug|x86.Build.0 = Debug|Win32
		{C827D32F-1A64-4C98-B959-9BBDF8F0B438}.Release|x86.ActiveCfg = Release|Win32
		{C827D32F-1A64-4C98-B959-9BBDF8F0B438}.Release|x86.Build.0 = Release|Win32
		{B806786A-BFCB-4251-A0DF-304DA62FBBBF}.Debug|x86.ActiveCfg = Debug|Win32
		{B806786A-BFCB-4251-A0DF-304DA62FBBBF}.Debug|x86.Build.0 = Debug|Win32
		{B806786A-BFCB-4251-A0DF-304DA62FBBBF}.Release|x86.ActiveCfg = Release|Win32
		{B806786A-BFCB-4251-A0DF-304DA62FBBBF}.Release|x86.Build.0 = Release|Win32
	EndGlobalSection
	GlobalSection(SolutionProperties) = preSolution
		HideSolutionNode = FALSE
	EndGlobalSection
EndGlobal
