
Microsoft Visual Studio Solution File, Format Version 12.00
# Visual Studio Version 16
VisualStudioVersion = 16.0.29613.14
MinimumVisualStudioVersion = 10.0.40219.1
Project("{8BC9CEB8-8B4A-11D0-8D11-00A0C91BC942}") = "elenart15_64", "elenart\vs\elenart15_64.vcxproj", "{191F5360-84B0-43D7-BA23-C9AA254A19B8}"
EndProject
Project("{8BC9CEB8-8B4A-11D0-8D11-00A0C91BC942}") = "elide64", "ide\vs\elide_64.vcxproj", "{B0C65195-DB0F-4965-BDFF-B0CB5C19C72D}"
EndProject
Project("{8BC9CEB8-8B4A-11D0-8D11-00A0C91BC942}") = "elenavm15_64", "elenavm\vs\elenavm15_64.vcxproj", "{7D64C701-DDAA-467C-96BA-513438A1DE42}"
EndProject
Project("{8BC9CEB8-8B4A-11D0-8D11-00A0C91BC942}") = "elenasm15_64", "elenasm\vs\elenasm15_64.vcxproj", "{895D3762-6397-468A-8984-779C1A9E5C0D}"
EndProject
Global
	GlobalSection(SolutionConfigurationPlatforms) = preSolution
		Debug|x64 = Debug|x64
		Debug|x86 = Debug|x86
		Release|x64 = Release|x64
		Release|x86 = Release|x86
	EndGlobalSection
	GlobalSection(ProjectConfigurationPlatforms) = postSolution
		{191F5360-84B0-43D7-BA23-C9AA254A19B8}.Debug|x64.ActiveCfg = Debug|x64
		{191F5360-84B0-43D7-BA23-C9AA254A19B8}.Debug|x64.Build.0 = Debug|x64
		{191F5360-84B0-43D7-BA23-C9AA254A19B8}.Debug|x86.ActiveCfg = Debug|Win32
		{191F5360-84B0-43D7-BA23-C9AA254A19B8}.Debug|x86.Build.0 = Debug|Win32
		{191F5360-84B0-43D7-BA23-C9AA254A19B8}.Release|x64.ActiveCfg = Release|x64
		{191F5360-84B0-43D7-BA23-C9AA254A19B8}.Release|x64.Build.0 = Release|x64
		{191F5360-84B0-43D7-BA23-C9AA254A19B8}.Release|x86.ActiveCfg = Release|Win32
		{191F5360-84B0-43D7-BA23-C9AA254A19B8}.Release|x86.Build.0 = Release|Win32
		{B0C65195-DB0F-4965-BDFF-B0CB5C19C72D}.Debug|x64.ActiveCfg = Debug|x64
		{B0C65195-DB0F-4965-BDFF-B0CB5C19C72D}.Debug|x64.Build.0 = Debug|x64
		{B0C65195-DB0F-4965-BDFF-B0CB5C19C72D}.Debug|x86.ActiveCfg = Debug|Win32
		{B0C65195-DB0F-4965-BDFF-B0CB5C19C72D}.Debug|x86.Build.0 = Debug|Win32
		{B0C65195-DB0F-4965-BDFF-B0CB5C19C72D}.Release|x64.ActiveCfg = Release|x64
		{B0C65195-DB0F-4965-BDFF-B0CB5C19C72D}.Release|x64.Build.0 = Release|x64
		{B0C65195-DB0F-4965-BDFF-B0CB5C19C72D}.Release|x86.ActiveCfg = Release|Win32
		{B0C65195-DB0F-4965-BDFF-B0CB5C19C72D}.Release|x86.Build.0 = Release|Win32
		{7D64C701-DDAA-467C-96BA-513438A1DE42}.Debug|x64.ActiveCfg = Debug|x64
		{7D64C701-DDAA-467C-96BA-513438A1DE42}.Debug|x64.Build.0 = Debug|x64
		{7D64C701-DDAA-467C-96BA-513438A1DE42}.Debug|x86.ActiveCfg = Debug|x64
		{7D64C701-DDAA-467C-96BA-513438A1DE42}.Release|x64.ActiveCfg = Release|x64
		{7D64C701-DDAA-467C-96BA-513438A1DE42}.Release|x64.Build.0 = Release|x64
		{7D64C701-DDAA-467C-96BA-513438A1DE42}.Release|x86.ActiveCfg = Release|x64
		{895D3762-6397-468A-8984-779C1A9E5C0D}.Debug|x64.ActiveCfg = Debug|x64
		{895D3762-6397-468A-8984-779C1A9E5C0D}.Debug|x64.Build.0 = Debug|x64
		{895D3762-6397-468A-8984-779C1A9E5C0D}.Debug|x86.ActiveCfg = Debug|x64
		{895D3762-6397-468A-8984-779C1A9E5C0D}.Release|x64.ActiveCfg = Release|x64
		{895D3762-6397-468A-8984-779C1A9E5C0D}.Release|x64.Build.0 = Release|x64
		{895D3762-6397-468A-8984-779C1A9E5C0D}.Release|x86.ActiveCfg = Release|x64
	EndGlobalSection
	GlobalSection(SolutionProperties) = preSolution
		HideSolutionNode = FALSE
	EndGlobalSection
	GlobalSection(ExtensibilityGlobals) = postSolution
		SolutionGuid = {DB00946D-B1BF-4FBF-8E01-78C99C6ED9DA}
	EndGlobalSection
EndGlobal
