<?xml version="1.0" encoding="UTF-8" standalone="yes" ?>
<CodeBlocks_project_file>
	<FileVersion major="1" minor="6" />
	<Project>
		<Option title="elenavm" />
		<Option pch_mode="2" />
		<Option compiler="gcc" />
		<Build>
			<Target title="Debug">
				<Option output="../../../bin/elenavm" prefix_auto="1" extension_auto="1" />
				<Option object_output="../temp" />
				<Option type="3" />
				<Option compiler="gcc" />
				<Option parameters="-nD:\ALEX\ELENA\bin\scripts\newconsole.vl" />
				<Option createDefFile="1" />
				<Option createStaticLib="1" />
				<Compiler>
					<Add option="-Wall" />
					<Add option="-g" />
					<Add option="-DBUILD_DLL" />
				</Compiler>
				<Linker>
					<Add library="user32" />
				</Linker>
			</Target>
			<Target title="Release">
				<Option output="../../../bin/elenavm" prefix_auto="1" extension_auto="1" />
				<Option object_output="../temp" />
				<Option type="3" />
				<Option compiler="gcc" />
				<Option createDefFile="1" />
				<Option createStaticLib="1" />
				<Compiler>
					<Add option="-O3" />
					<Add option="-Wall" />
					<Add option="-DBUILD_DLL" />
				</Compiler>
				<Linker>
					<Add option="-s" />
					<Add library="user32" />
				</Linker>
			</Target>
		</Build>
		<Compiler>
			<Add option="-march=pentium2" />
			<Add option="-D_WIN32" />
			<Add option="-D_UNICODE" />
			<Add option="-DUNICODE" />
			<Add option="-DMINGW" />
			<Add directory="../../common" />
			<Add directory="../../engine" />
			<Add directory="../../engine/win32" />
			<Add directory=".." />
			<Add directory="../win32" />
		</Compiler>
		<Linker>
			<Add option="-static-libgcc -static-libstdc++" />
		</Linker>
		<Unit filename="../../common/altstrings.cpp" />
		<Unit filename="../../common/altstrings.h" />
		<Unit filename="../../common/common.h" />
		<Unit filename="../../common/config.cpp" />
		<Unit filename="../../common/config.h" />
		<Unit filename="../../common/dump.cpp" />
		<Unit filename="../../common/dump.h" />
		<Unit filename="../../common/files.cpp" />
		<Unit filename="../../common/files.h" />
		<Unit filename="../../common/lists.h" />
		<Unit filename="../../common/streams.h" />
		<Unit filename="../../common/tools.h" />
		<Unit filename="../../engine/jitcompiler.cpp" />
		<Unit filename="../../engine/jitcompiler.h" />
		<Unit filename="../../engine/jitlinker.cpp" />
		<Unit filename="../../engine/jitlinker.h" />
		<Unit filename="../../engine/libman.cpp" />
		<Unit filename="../../engine/libman.h" />
		<Unit filename="../../engine/loader.cpp" />
		<Unit filename="../../engine/loader.h" />
		<Unit filename="../../engine/module.cpp" />
		<Unit filename="../../engine/module.h" />
		<Unit filename="../../engine/rtman.cpp" />
		<Unit filename="../../engine/rtman.h" />
		<Unit filename="../../engine/section.cpp" />
		<Unit filename="../../engine/section.h" />
		<Unit filename="../../engine/x86jitcompiler.cpp" />
		<Unit filename="../../engine/x86jitcompiler.h" />
		<Unit filename="../../engine/x86helper.cpp" />
		<Unit filename="../../engine/x86helper.h" />
		<Unit filename="../elenamachine.cpp" />
		<Unit filename="../elenamachine.h" />
		<Unit filename="../win32/dllmain.cpp" />
		<Unit filename="../win32/x86elenamachine.cpp" />
		<Unit filename="../win32/x86elenamachine.h" />
		<Unit filename="../win32/x86process.cpp" />
		<Unit filename="../win32/x86process.h" />
		<Extensions>
			<code_completion />
			<debugger />
			<envvars />
		</Extensions>
	</Project>
</CodeBlocks_project_file>
