<?xml version="1.0" encoding="UTF-8" standalone="yes" ?>
<CodeBlocks_project_file>
	<FileVersion major="1" minor="6" />
	<Project>
		<Option title="elenasm" />
		<Option pch_mode="2" />
		<Option compiler="gcc" />
		<Build>
			<Target title="Debug">
				<Option platforms="Windows;Unix;" />
				<Option output="../../../bin/elenasm" prefix_auto="1" extension_auto="1" />
				<Option object_output="../temp" />
				<Option type="3" />
				<Option compiler="gcc" />
				<Option createDefFile="1" />
				<Option createStaticLib="1" />
				<Compiler>
					<Add option="-Wall" />
					<Add option="-g" />
					<Add option="-DBUILD_DLL" />
				</Compiler>
			</Target>
			<Target title="Release">
				<Option platforms="Windows;Unix;" />
				<Option output="../../../bin/elenasm" prefix_auto="1" extension_auto="1" />
				<Option object_output="../temp" />
				<Option type="3" />
				<Option compiler="gcc" />
				<Option createDefFile="1" />
				<Option createStaticLib="1" />
				<Compiler>
					<Add option="-O3" />
					<Add option="-Wall" />
					<Add option="-DBUILD_DLL" />
				</Compiler>
				<Linker>
					<Add option="-s" />
				</Linker>
			</Target>
		</Build>
		<Compiler>
			<Add option="-march=pentium2" />
			<Add option="-m32" />
			<Add option="-D_LINUX" />
			<Add directory="../../common" />
			<Add directory="../../engine" />
			<Add directory=".." />
		</Compiler>
		<Linker>
			<Add option="-m32" />
			<Add option="-static-libgcc -static-libstdc++" />
		</Linker>
		<Unit filename="../../common/altstrings.cpp" />
		<Unit filename="../../common/altstrings.h" />
		<Unit filename="../../common/common.h" />
		<Unit filename="../../common/dump.cpp" />
		<Unit filename="../../common/dump.h" />
		<Unit filename="../../common/files.cpp" />
		<Unit filename="../../common/files.h" />
		<Unit filename="../../common/lists.h" />
		<Unit filename="../../common/streams.h" />
		<Unit filename="../../common/tools.h" />
		<Unit filename="../../engine/bytecode.cpp" />
		<Unit filename="../../engine/bytecode.h" />
		<Unit filename="../../engine/parsertable.cpp" />
		<Unit filename="../../engine/parsertable.h" />
		<Unit filename="../../engine/syntaxtree.cpp" />
		<Unit filename="../../engine/syntaxtree.h" />
		<Unit filename="../../engine/textparser.h" />
		<Unit filename="../../engine/textsource.cpp" />
		<Unit filename="../../engine/textsource.h" />
		<Unit filename="../cfparser.cpp" />
		<Unit filename="../cfparser.h" />
		<Unit filename="../inlineparser.cpp" />
		<Unit filename="../inlineparser.h" />
		<Unit filename="../linux32/elenasm.h" />
		<Unit filename="../linux32/main.cpp" />
		<Unit filename="../scriptengine.h" />
		<Unit filename="../session.cpp" />
		<Unit filename="../session.h" />
		<Unit filename="../transformer.cpp" />
		<Unit filename="../transformer.h" />
		<Unit filename="../treeparser.cpp" />
		<Unit filename="../treeparser.h" />
		<Extensions />
	</Project>
</CodeBlocks_project_file>
