<?xml version="1.0" encoding="UTF-8" standalone="yes" ?>
<CodeBlocks_project_file>
	<FileVersion major="1" minor="6" />
	<Project>
		<Option title="elena-cli" />
		<Option pch_mode="2" />
		<Option compiler="gcc" />
		<Build>
			<Target title="Debug32">
				<Option output="../../../bin/elena-cli" prefix_auto="1" extension_auto="1" />
				<Option object_output="../temp/elena-cli/" />
				<Option type="1" />
				<Option compiler="gcc" />
				<Option parameters="~/elena-lang/src60/system/system.project" />
				<Compiler>
					<Add option="-std=c++20" />
					<Add option="-m32" />
					<Add option="-g" />
				</Compiler>
				<Linker>
					<Add option="-m32" />
				</Linker>
			</Target>
			<Target title="Release32">
				<Option output="../../../bin/elena-cli" prefix_auto="1" extension_auto="1" />
				<Option object_output="../temp/release/elena-cli/" />
				<Option type="1" />
				<Option compiler="gcc" />
				<Compiler>
					<Add option="-march=pentium3" />
					<Add option="-std=c++20" />
					<Add option="-m32" />
				</Compiler>
				<Linker>
					<Add option="-O3" />
					<Add option="-s" />
					<Add option="-m32" />
				</Linker>
			</Target>
			<Target title="Debug64">
				<Option output="../../../bin/elena64-cli" prefix_auto="1" extension_auto="1" />
				<Option object_output="../temp/elena64-cli/" />
				<Option type="1" />
				<Option compiler="gcc" />
				<Option parameters="~/elena-lang/tests60/sandbox/sandbox.l" />
				<Compiler>
					<Add option="-std=c++20" />
					<Add option="-m64" />
					<Add option="-g" />
				</Compiler>
				<Linker>
					<Add option="-m64" />
				</Linker>
			</Target>
			<Target title="Release64">
				<Option output="../../../bin/elena64-cli" prefix_auto="1" extension_auto="1" />
				<Option object_output="../temp/release/elena64-cli/" />
				<Option type="1" />
				<Option compiler="gcc" />
				<Compiler>
					<Add option="-march=pentium3" />
					<Add option="-m64" />
				</Compiler>
				<Linker>
					<Add option="-O3" />
					<Add option="-s" />
					<Add option="-m64" />
				</Linker>
			</Target>
		</Build>
		<Compiler>
			<Add option="-Wall" />
			<Add option="-fexceptions" />
			<Add directory=".." />
			<Add directory="../../engine" />
			<Add directory="../../common" />
		</Compiler>
		<Unit filename="../../common/config.cpp" />
		<Unit filename="../../common/config.h" />
		<Unit filename="../../common/dump.cpp" />
		<Unit filename="../../common/dump.h" />
		<Unit filename="../../common/files.cpp" />
		<Unit filename="../../common/files.h" />
		<Unit filename="../../common/paths.cpp" />
		<Unit filename="../../common/paths.h" />
		<Unit filename="../../common/tools.h" />
		<Unit filename="../../common/ustring.cpp" />
		<Unit filename="../../common/ustring.h" />
		<Unit filename="../../common/xmltree.cpp" />
		<Unit filename="../../common/xmltree.h" />
		<Unit filename="../../engine/bcwriter.cpp" />
		<Unit filename="../../engine/bcwriter.h" />
		<Unit filename="../../engine/bytecode.cpp" />
		<Unit filename="../../engine/bytecode.h" />
		<Unit filename="../../engine/codescope.cpp" />
		<Unit filename="../../engine/codescope.h" />
		<Unit filename="../../engine/elena.h" />
		<Unit filename="../../engine/elenaconst.h" />
		<Unit filename="../../engine/jitcompiler.cpp" />
		<Unit filename="../../engine/jitcompiler.h" />
		<Unit filename="../../engine/jitlinker.cpp" />
		<Unit filename="../../engine/jitlinker.h" />
		<Unit filename="../../engine/libman.cpp" />
		<Unit filename="../../engine/libman.h" />
		<Unit filename="../../engine/linux/presenter.cpp" />
		<Unit filename="../../engine/linux/presenter.h" />
		<Unit filename="../../engine/module.cpp" />
		<Unit filename="../../engine/module.h" />
		<Unit filename="../../engine/parsertable.cpp" />
		<Unit filename="../../engine/parsertable.h" />
		<Unit filename="../../engine/scriptreader.cpp" />
		<Unit filename="../../engine/scriptreader.h" />
		<Unit filename="../../engine/section.cpp" />
		<Unit filename="../../engine/section.h" />
		<Unit filename="../../engine/serializer.cpp" />
		<Unit filename="../../engine/serializer.h" />
		<Unit filename="../../engine/syntaxtree.cpp" />
		<Unit filename="../../engine/syntaxtree.h" />
		<Unit filename="../../engine/x86_64compiler.cpp" />
		<Unit filename="../../engine/x86_64compiler.h" />
		<Unit filename="../../engine/x86compiler.cpp" />
		<Unit filename="../../engine/x86compiler.h" />
		<Unit filename="../../engine/x86helper.cpp" />
		<Unit filename="../../engine/x86helper.h" />
		<Unit filename="../../engine/xmlprojectbase.cpp" />
		<Unit filename="../../engine/xmlprojectbase.h" />
		<Unit filename="../clicommon.h" />
		<Unit filename="../cliconst.h" />
		<Unit filename="../codeimage.cpp" />
		<Unit filename="../codeimage.h" />
		<Unit filename="../compiler.cpp" />
		<Unit filename="../compiler.h" />
		<Unit filename="../compilerlogic.cpp" />
		<Unit filename="../compilerlogic.h" />
		<Unit filename="../compiling.cpp" />
		<Unit filename="../derivation.cpp" />
		<Unit filename="../derivation.h" />
		<Unit filename="../errors.h" />
		<Unit filename="../linux/elc.cpp" />
		<Unit filename="../linux/elfimage.cpp" />
		<Unit filename="../linux/elfimage.h" />
		<Unit filename="../linux/elflinker.cpp" />
		<Unit filename="../linux/elflinker.h" />
		<Unit filename="../linux/elflinker32.cpp" />
		<Unit filename="../linux/elflinker32.h" />
		<Unit filename="../linux/elflinker64.cpp" />
		<Unit filename="../linux/elflinker64.h" />
		<Unit filename="../linux/elfsyslibloader.cpp" />
		<Unit filename="../linux/elfsyslibloader.h" />
		<Unit filename="../linux/pathmanager.cpp" />
		<Unit filename="../linux/pathmanager.h" />
		<Unit filename="../modulescope.cpp" />
		<Unit filename="../modulescope.h" />
		<Unit filename="../parser.cpp" />
		<Unit filename="../parser.h" />
		<Unit filename="../project.cpp" />
		<Unit filename="../project.h" />
		<Unit filename="../separser.cpp" />
		<Unit filename="../separser.h" />
		<Unit filename="../source.cpp" />
		<Unit filename="../source.h" />
		<Extensions />
	</Project>
</CodeBlocks_project_file>
