<?xml version="1.0" encoding="UTF-8" standalone="yes" ?>
<CodeBlocks_project_file>
	<FileVersion major="1" minor="6" />
	<Project>
		<Option title="ecv" />
		<Option pch_mode="0" />
		<Option compiler="gcc" />
		<Build>
			<Target title="default">
				<Option output="../../../../bin/elenacv.exe" prefix_auto="0" extension_auto="0" />
				<Option object_output="../temp" />
				<Option type="1" />
				<Option compiler="gcc" />
				<Option projectResourceIncludeDirsRelation="1" />
				<Compiler>
					<Add option="-march=pentium2" />
					<Add option="-O3" />
					<Add option="-D_UNICODE" />
					<Add option="-DUNICODE" />
				</Compiler>
				<Linker>
					<Add option="-s" />
				</Linker>
			</Target>
		</Build>
		<VirtualTargets>
			<Add alias="All" targets="default;" />
		</VirtualTargets>
		<Compiler>
			<Add option="-march=pentium2" />
			<Add option="-O3" />
			<Add option="-m32" />
			<Add option="-D_LINUX" />
			<Add directory=".." />
			<Add directory="../../../common" />
			<Add directory="../../../common/win32" />
			<Add directory="../../../engine" />
			<Add directory="../../../elc" />
		</Compiler>
		<Linker>
			<Add option="-s" />
			<Add option="-m32" />
			<Add option="-static-libgcc -static-libstdc++" />
		</Linker>
		<Unit filename="../../../common/altstrings.cpp" />
		<Unit filename="../../../common/altstrings.h">
			<Option compile="1" />
			<Option link="1" />
			<Option target="&lt;{~None~}&gt;" />
		</Unit>
		<Unit filename="../../../common/common.h">
			<Option compile="1" />
			<Option link="1" />
			<Option target="&lt;{~None~}&gt;" />
		</Unit>
		<Unit filename="../../../common/config.cpp" />
		<Unit filename="../../../common/config.h" />
		<Unit filename="../../../common/dump.cpp" />
		<Unit filename="../../../common/dump.h">
			<Option target="&lt;{~None~}&gt;" />
		</Unit>
		<Unit filename="../../../common/files.cpp" />
		<Unit filename="../../../common/files.h">
			<Option compile="1" />
			<Option link="1" />
			<Option target="&lt;{~None~}&gt;" />
		</Unit>
		<Unit filename="../../../common/lists.h">
			<Option compile="1" />
			<Option link="1" />
			<Option target="&lt;{~None~}&gt;" />
		</Unit>
		<Unit filename="../../../common/streams.h">
			<Option compile="1" />
			<Option link="1" />
			<Option target="&lt;{~None~}&gt;" />
		</Unit>
		<Unit filename="../../../common/tools.h">
			<Option compile="1" />
			<Option link="1" />
			<Option target="&lt;{~None~}&gt;" />
		</Unit>
		<Unit filename="../../../engine/bytecode.cpp" />
		<Unit filename="../../../engine/bytecode.h" />
		<Unit filename="../../../engine/elena.h">
			<Option target="&lt;{~None~}&gt;" />
		</Unit>
		<Unit filename="../../../engine/elenaconst.h">
			<Option target="&lt;{~None~}&gt;" />
		</Unit>
		<Unit filename="../../../engine/libman.cpp" />
		<Unit filename="../../../engine/libman.h" />
		<Unit filename="../../../engine/module.cpp" />
		<Unit filename="../../../engine/module.h">
			<Option target="&lt;{~None~}&gt;" />
		</Unit>
		<Unit filename="../../../engine/section.cpp" />
		<Unit filename="../../../engine/section.h">
			<Option target="&lt;{~None~}&gt;" />
		</Unit>
		<Unit filename="../ecv.cpp" />
		<Extensions />
	</Project>
</CodeBlocks_project_file>
